// !$*UTF8*$!
{
	archiveVersion = 1;
	classes = {
	};
	objectVersion = 46;
	objects = {

/* Begin PBXBuildFile section */
		A52010F31C95C0A100943E53 /* profileDefault@3x.png in Resources */ = {isa = PBXBuildFile; fileRef = A52010F11C95C0A100943E53 /* profileDefault@3x.png */; };
		A52010F41C95C0A100943E53 /* profileDefault@2x.png in Resources */ = {isa = PBXBuildFile; fileRef = A52010F21C95C0A100943E53 /* profileDefault@2x.png */; };
		A52010F71C95C49200943E53 /* profileIcon@3x.png in Resources */ = {isa = PBXBuildFile; fileRef = A52010F51C95C49200943E53 /* profileIcon@3x.png */; };
		A52010F81C95C49200943E53 /* profileIcon@2x.png in Resources */ = {isa = PBXBuildFile; fileRef = A52010F61C95C49200943E53 /* profileIcon@2x.png */; };
		A52010FB1C95D40800943E53 /* CameraObject.m in Sources */ = {isa = PBXBuildFile; fileRef = A52010FA1C95D40800943E53 /* CameraObject.m */; };
		A52010FE1C95D4E600943E53 /* UIActionSheet+Blocks.m in Sources */ = {isa = PBXBuildFile; fileRef = A52010FD1C95D4E600943E53 /* UIActionSheet+Blocks.m */; };
		A52288E51C8742570032DD5C /* CustomCellOnlyText.m in Sources */ = {isa = PBXBuildFile; fileRef = A52288E41C8742570032DD5C /* CustomCellOnlyText.m */; };
		A52288E81C8746B60032DD5C /* SubStatisticsViewController.m in Sources */ = {isa = PBXBuildFile; fileRef = A52288E71C8746B60032DD5C /* SubStatisticsViewController.m */; };
		A52288EB1C874EE80032DD5C /* CustomCellStatisticsDetail.m in Sources */ = {isa = PBXBuildFile; fileRef = A52288EA1C874EE80032DD5C /* CustomCellStatisticsDetail.m */; };
		A55CDFD61C6261C800E9DB1A /* ModelItem.m in Sources */ = {isa = PBXBuildFile; fileRef = A55CDFD51C6261C800E9DB1A /* ModelItem.m */; };
		A5E26C191C95816100CD1B5B /* CustomViewProfile.m in Sources */ = {isa = PBXBuildFile; fileRef = A5E26C181C95816100CD1B5B /* CustomViewProfile.m */; };
		A5E26C1B1C95816F00CD1B5B /* CustomViewProfile.xib in Resources */ = {isa = PBXBuildFile; fileRef = A5E26C1A1C95816F00CD1B5B /* CustomViewProfile.xib */; };
		A5E26C251C959A0100CD1B5B /* ProfileViewController.m in Sources */ = {isa = PBXBuildFile; fileRef = A5E26C241C959A0100CD1B5B /* ProfileViewController.m */; };
		A5E26C281C959A3600CD1B5B /* ProfileEditViewController.m in Sources */ = {isa = PBXBuildFile; fileRef = A5E26C271C959A3600CD1B5B /* ProfileEditViewController.m */; };
		A5E26C2B1C959AB900CD1B5B /* CustomCellProfile.m in Sources */ = {isa = PBXBuildFile; fileRef = A5E26C2A1C959AB900CD1B5B /* CustomCellProfile.m */; };
		A5E26C2E1C959D2000CD1B5B /* CustomCellEditProfile.m in Sources */ = {isa = PBXBuildFile; fileRef = A5E26C2D1C959D2000CD1B5B /* CustomCellEditProfile.m */; };
		CF75E46EDA998F50FB311E4E /* libPods-QuickBlox.a in Frameworks */ = {isa = PBXBuildFile; fileRef = 6D665E4A0388CE6629C03EAF /* libPods-QuickBlox.a */; };
		FB05A9751C52122A00F4DC97 /* UIKit.framework in Frameworks */ = {isa = PBXBuildFile; fileRef = FB05A9741C52122A00F4DC97 /* UIKit.framework */; };
		FB05A9771C52123000F4DC97 /* Foundation.framework in Frameworks */ = {isa = PBXBuildFile; fileRef = FB05A9761C52123000F4DC97 /* Foundation.framework */; };
		FB05A9881C52176500F4DC97 /* home@2x.png in Resources */ = {isa = PBXBuildFile; fileRef = FB05A97C1C52176500F4DC97 /* home@2x.png */; };
		FB05A9891C52176500F4DC97 /* home@3x.png in Resources */ = {isa = PBXBuildFile; fileRef = FB05A97D1C52176500F4DC97 /* home@3x.png */; };
		FB05A98A1C52176500F4DC97 /* qrCode@2x.png in Resources */ = {isa = PBXBuildFile; fileRef = FB05A97E1C52176500F4DC97 /* qrCode@2x.png */; };
		FB05A98B1C52176500F4DC97 /* qrCode@3x.png in Resources */ = {isa = PBXBuildFile; fileRef = FB05A97F1C52176500F4DC97 /* qrCode@3x.png */; };
		FB05A98E1C52176500F4DC97 /* shopping@2x.png in Resources */ = {isa = PBXBuildFile; fileRef = FB05A9821C52176500F4DC97 /* shopping@2x.png */; };
		FB05A98F1C52176500F4DC97 /* shopping@3x.png in Resources */ = {isa = PBXBuildFile; fileRef = FB05A9831C52176500F4DC97 /* shopping@3x.png */; };
		FB05A9901C52176500F4DC97 /* UITableContract.png in Resources */ = {isa = PBXBuildFile; fileRef = FB05A9841C52176500F4DC97 /* UITableContract.png */; };
		FB05A9911C52176500F4DC97 /* UITableContract@2x.png in Resources */ = {isa = PBXBuildFile; fileRef = FB05A9851C52176500F4DC97 /* UITableContract@2x.png */; };
		FB05A9921C52176500F4DC97 /* UITableExpand.png in Resources */ = {isa = PBXBuildFile; fileRef = FB05A9861C52176500F4DC97 /* UITableExpand.png */; };
		FB05A9931C52176500F4DC97 /* UITableExpand@2x.png in Resources */ = {isa = PBXBuildFile; fileRef = FB05A9871C52176500F4DC97 /* UITableExpand@2x.png */; };
		FB05A99B1C521B3500F4DC97 /* LeftTableViewController.m in Sources */ = {isa = PBXBuildFile; fileRef = FB05A99A1C521B3500F4DC97 /* LeftTableViewController.m */; };
		FB05A9A01C521D9A00F4DC97 /* LoginViewController.m in Sources */ = {isa = PBXBuildFile; fileRef = FB05A99F1C521D9A00F4DC97 /* LoginViewController.m */; };
		FB05A9AB1C5225E100F4DC97 /* LeftCustomCell.m in Sources */ = {isa = PBXBuildFile; fileRef = FB05A9A91C5225E100F4DC97 /* LeftCustomCell.m */; };
		FB117DC51C5F483F00F8E222 /* reveal-icon@3x.png in Resources */ = {isa = PBXBuildFile; fileRef = FB117DC31C5F483F00F8E222 /* reveal-icon@3x.png */; };
		FB117DC61C5F483F00F8E222 /* reveal-icon@2x.png in Resources */ = {isa = PBXBuildFile; fileRef = FB117DC41C5F483F00F8E222 /* reveal-icon@2x.png */; };
		FB117DC91C5F48B200F8E222 /* button_plus@3x.png in Resources */ = {isa = PBXBuildFile; fileRef = FB117DC71C5F48B200F8E222 /* button_plus@3x.png */; };
		FB117DCA1C5F48B200F8E222 /* button_plus@2x.png in Resources */ = {isa = PBXBuildFile; fileRef = FB117DC81C5F48B200F8E222 /* button_plus@2x.png */; };
		FB117DD01C5F5B2C00F8E222 /* ItemsTableViewController.m in Sources */ = {isa = PBXBuildFile; fileRef = FB117DCF1C5F5B2C00F8E222 /* ItemsTableViewController.m */; };
		FB117DD41C5F5E3F00F8E222 /* ItemsTableViewCell.m in Sources */ = {isa = PBXBuildFile; fileRef = FB117DD21C5F5E3F00F8E222 /* ItemsTableViewCell.m */; };
		FB117DD81C5F77EC00F8E222 /* doneButton@3x.png in Resources */ = {isa = PBXBuildFile; fileRef = FB117DD61C5F77EC00F8E222 /* doneButton@3x.png */; };
		FB117DD91C5F77EC00F8E222 /* doneButton@2x.png in Resources */ = {isa = PBXBuildFile; fileRef = FB117DD71C5F77EC00F8E222 /* doneButton@2x.png */; };
		FB117DDC1C5F783B00F8E222 /* backButton@3x.png in Resources */ = {isa = PBXBuildFile; fileRef = FB117DDA1C5F783B00F8E222 /* backButton@3x.png */; };
		FB117DDD1C5F783B00F8E222 /* backButton@2x.png in Resources */ = {isa = PBXBuildFile; fileRef = FB117DDB1C5F783B00F8E222 /* backButton@2x.png */; };
		FB117DE41C5F804A00F8E222 /* AddItemViewController.m in Sources */ = {isa = PBXBuildFile; fileRef = FB117DE31C5F804A00F8E222 /* AddItemViewController.m */; };
		FB117DE71C5F846600F8E222 /* AddItemTableViewCell.m in Sources */ = {isa = PBXBuildFile; fileRef = FB117DE61C5F846600F8E222 /* AddItemTableViewCell.m */; };
		FB1AA96A1C6052030095D816 /* DatePickerViewController.m in Sources */ = {isa = PBXBuildFile; fileRef = FB1AA9691C6052030095D816 /* DatePickerViewController.m */; };
		FB1AA96E1C6052990095D816 /* CommonFeature.m in Sources */ = {isa = PBXBuildFile; fileRef = FB1AA96D1C6052990095D816 /* CommonFeature.m */; };
		FB1AA9711C60B0340095D816 /* Security.framework in Frameworks */ = {isa = PBXBuildFile; fileRef = FB1AA9701C60B0340095D816 /* Security.framework */; };
		FB1AA9731C60B03F0095D816 /* libxml2.2.tbd in Frameworks */ = {isa = PBXBuildFile; fileRef = FB1AA9721C60B03F0095D816 /* libxml2.2.tbd */; };
		FB1AA9751C60B04A0095D816 /* libresolv.9.tbd in Frameworks */ = {isa = PBXBuildFile; fileRef = FB1AA9741C60B04A0095D816 /* libresolv.9.tbd */; };
		FB1AA9771C60B0530095D816 /* libz.1.2.5.tbd in Frameworks */ = {isa = PBXBuildFile; fileRef = FB1AA9761C60B0530095D816 /* libz.1.2.5.tbd */; };
		FB1AA9791C60B05B0095D816 /* QuartzCore.framework in Frameworks */ = {isa = PBXBuildFile; fileRef = FB1AA9781C60B05B0095D816 /* QuartzCore.framework */; };
		FB1AA97B1C60B0640095D816 /* CoreGraphics.framework in Frameworks */ = {isa = PBXBuildFile; fileRef = FB1AA97A1C60B0640095D816 /* CoreGraphics.framework */; };
		FB1AA97D1C60B06C0095D816 /* MobileCoreServices.framework in Frameworks */ = {isa = PBXBuildFile; fileRef = FB1AA97C1C60B06C0095D816 /* MobileCoreServices.framework */; };
		FB1AA97F1C60B0750095D816 /* SystemConfiguration.framework in Frameworks */ = {isa = PBXBuildFile; fileRef = FB1AA97E1C60B0750095D816 /* SystemConfiguration.framework */; };
		FB1AA9851C60D4460095D816 /* Keychain.m in Sources */ = {isa = PBXBuildFile; fileRef = FB1AA9841C60D4460095D816 /* Keychain.m */; };
		FB4422161C51CD1C0083B341 /* main.m in Sources */ = {isa = PBXBuildFile; fileRef = FB4422151C51CD1C0083B341 /* main.m */; };
		FB44221F1C51CD1C0083B341 /* Main.storyboard in Resources */ = {isa = PBXBuildFile; fileRef = FB44221D1C51CD1C0083B341 /* Main.storyboard */; };
		FB4422221C51CD1C0083B341 /* QuickBlox.xcdatamodeld in Sources */ = {isa = PBXBuildFile; fileRef = FB4422201C51CD1C0083B341 /* QuickBlox.xcdatamodeld */; };
		FB4422241C51CD1C0083B341 /* Assets.xcassets in Resources */ = {isa = PBXBuildFile; fileRef = FB4422231C51CD1C0083B341 /* Assets.xcassets */; };
		FB4422271C51CD1C0083B341 /* LaunchScreen.storyboard in Resources */ = {isa = PBXBuildFile; fileRef = FB4422251C51CD1C0083B341 /* LaunchScreen.storyboard */; };
		FB4422391C51D4240083B341 /* AppDelegate.m in Sources */ = {isa = PBXBuildFile; fileRef = FB4422381C51D4240083B341 /* AppDelegate.m */; };
		FB44223F1C51D4530083B341 /* CustomAnimationController.m in Sources */ = {isa = PBXBuildFile; fileRef = FB44223C1C51D4530083B341 /* CustomAnimationController.m */; };
		FB4422401C51D4530083B341 /* SWRevealViewController.m in Sources */ = {isa = PBXBuildFile; fileRef = FB44223E1C51D4530083B341 /* SWRevealViewController.m */; };
		FB6F7E821C5877E6002F63F3 /* SignUpViewController.m in Sources */ = {isa = PBXBuildFile; fileRef = FB6F7E811C5877E6002F63F3 /* SignUpViewController.m */; };
		FB6F7E861C587DB5002F63F3 /* CartViewController.m in Sources */ = {isa = PBXBuildFile; fileRef = FB6F7E851C587DB5002F63F3 /* CartViewController.m */; };
		FB7D2FD31C5F0E6600EEF1EC /* SetupViewContronller.m in Sources */ = {isa = PBXBuildFile; fileRef = FB7D2FD21C5F0E6600EEF1EC /* SetupViewContronller.m */; };
		FB7D2FD71C5F0E9900EEF1EC /* StatisticsViewController.m in Sources */ = {isa = PBXBuildFile; fileRef = FB7D2FD61C5F0E9900EEF1EC /* StatisticsViewController.m */; };
		FB8DFD6D1C916CF0004C344A /* AdmodManager.m in Sources */ = {isa = PBXBuildFile; fileRef = FB8DFD6C1C916CF0004C344A /* AdmodManager.m */; };
		FB8DFD7C1C9171E7004C344A /* libsqlite3.0.tbd in Frameworks */ = {isa = PBXBuildFile; fileRef = FB8DFD7B1C9171E7004C344A /* libsqlite3.0.tbd */; };
		FBCB74141C92A0C800CF017B /* RWLabel.m in Sources */ = {isa = PBXBuildFile; fileRef = FBCB74131C92A0C800CF017B /* RWLabel.m */; };
		FBCB742E1C92AE1300CF017B /* libGoogleAnalyticsServices.a in Frameworks */ = {isa = PBXBuildFile; fileRef = FBCB74211C92AE1300CF017B /* libGoogleAnalyticsServices.a */; };
		FBCB742F1C92AE1300CF017B /* QRCameraSwitchButton.m in Sources */ = {isa = PBXBuildFile; fileRef = FBCB74241C92AE1300CF017B /* QRCameraSwitchButton.m */; };
		FBCB74301C92AE1300CF017B /* QRCodeReader.m in Sources */ = {isa = PBXBuildFile; fileRef = FBCB74261C92AE1300CF017B /* QRCodeReader.m */; };
		FBCB74311C92AE1300CF017B /* QRCodeReaderView.m in Sources */ = {isa = PBXBuildFile; fileRef = FBCB74291C92AE1300CF017B /* QRCodeReaderView.m */; };
		FBCB74321C92AE1300CF017B /* QRCodeReaderViewController.m in Sources */ = {isa = PBXBuildFile; fileRef = FBCB742B1C92AE1300CF017B /* QRCodeReaderViewController.m */; };
		FBCB74331C92AE1300CF017B /* QRToggleTorchButton.m in Sources */ = {isa = PBXBuildFile; fileRef = FBCB742D1C92AE1300CF017B /* QRToggleTorchButton.m */; };
		FBCB74361C92D0DE00CF017B /* settingIcon@3x.png in Resources */ = {isa = PBXBuildFile; fileRef = FBCB74341C92D0DE00CF017B /* settingIcon@3x.png */; };
		FBCB74371C92D0DE00CF017B /* settingIcon@2x.png in Resources */ = {isa = PBXBuildFile; fileRef = FBCB74351C92D0DE00CF017B /* settingIcon@2x.png */; };
		FBCB743A1C92D1CE00CF017B /* analyticsIcon@2x.png in Resources */ = {isa = PBXBuildFile; fileRef = FBCB74381C92D1CE00CF017B /* analyticsIcon@2x.png */; };
		FBCB743B1C92D1CE00CF017B /* analyticsIcon@3x.png in Resources */ = {isa = PBXBuildFile; fileRef = FBCB74391C92D1CE00CF017B /* analyticsIcon@3x.png */; };
		FBCB743E1C92D25400CF017B /* logoutIcon@3x.png in Resources */ = {isa = PBXBuildFile; fileRef = FBCB743C1C92D25400CF017B /* logoutIcon@3x.png */; };
		FBCB743F1C92D25400CF017B /* logoutIcon@2x.png in Resources */ = {isa = PBXBuildFile; fileRef = FBCB743D1C92D25400CF017B /* logoutIcon@2x.png */; };
		FBFB7AB91C61A73D0088ED92 /* ForgotPasswordViewController.m in Sources */ = {isa = PBXBuildFile; fileRef = FBFB7AB81C61A73D0088ED92 /* ForgotPasswordViewController.m */; };
		FBFB7ABF1C61A9F00088ED92 /* ObjectsPaginator.m in Sources */ = {isa = PBXBuildFile; fileRef = FBFB7ABC1C61A9F00088ED92 /* ObjectsPaginator.m */; };
		FBFB7AC01C61A9F00088ED92 /* Storage.m in Sources */ = {isa = PBXBuildFile; fileRef = FBFB7ABE1C61A9F00088ED92 /* Storage.m */; };
/* End PBXBuildFile section */

/* Begin PBXFileReference section */
		1E1AE0F2D676F4E814334650 /* Pods-QuickBlox.debug.xcconfig */ = {isa = PBXFileReference; includeInIndex = 1; lastKnownFileType = text.xcconfig; name = "Pods-QuickBlox.debug.xcconfig"; path = "Pods/Target Support Files/Pods-QuickBlox/Pods-QuickBlox.debug.xcconfig"; sourceTree = "<group>"; };
		6D665E4A0388CE6629C03EAF /* libPods-QuickBlox.a */ = {isa = PBXFileReference; explicitFileType = archive.ar; includeInIndex = 0; path = "libPods-QuickBlox.a"; sourceTree = BUILT_PRODUCTS_DIR; };
		A52010F11C95C0A100943E53 /* profileDefault@3x.png */ = {isa = PBXFileReference; lastKnownFileType = image.png; path = "profileDefault@3x.png"; sourceTree = "<group>"; };
		A52010F21C95C0A100943E53 /* profileDefault@2x.png */ = {isa = PBXFileReference; lastKnownFileType = image.png; path = "profileDefault@2x.png"; sourceTree = "<group>"; };
		A52010F51C95C49200943E53 /* profileIcon@3x.png */ = {isa = PBXFileReference; lastKnownFileType = image.png; path = "profileIcon@3x.png"; sourceTree = "<group>"; };
		A52010F61C95C49200943E53 /* profileIcon@2x.png */ = {isa = PBXFileReference; lastKnownFileType = image.png; path = "profileIcon@2x.png"; sourceTree = "<group>"; };
		A52010F91C95D40800943E53 /* CameraObject.h */ = {isa = PBXFileReference; fileEncoding = 4; lastKnownFileType = sourcecode.c.h; path = CameraObject.h; sourceTree = "<group>"; };
		A52010FA1C95D40800943E53 /* CameraObject.m */ = {isa = PBXFileReference; fileEncoding = 4; lastKnownFileType = sourcecode.c.objc; path = CameraObject.m; sourceTree = "<group>"; };
		A52010FC1C95D4E600943E53 /* UIActionSheet+Blocks.h */ = {isa = PBXFileReference; fileEncoding = 4; lastKnownFileType = sourcecode.c.h; path = "UIActionSheet+Blocks.h"; sourceTree = "<group>"; };
		A52010FD1C95D4E600943E53 /* UIActionSheet+Blocks.m */ = {isa = PBXFileReference; fileEncoding = 4; lastKnownFileType = sourcecode.c.objc; path = "UIActionSheet+Blocks.m"; sourceTree = "<group>"; };
		A52288E31C8742570032DD5C /* CustomCellOnlyText.h */ = {isa = PBXFileReference; fileEncoding = 4; lastKnownFileType = sourcecode.c.h; path = CustomCellOnlyText.h; sourceTree = "<group>"; };
		A52288E41C8742570032DD5C /* CustomCellOnlyText.m */ = {isa = PBXFileReference; fileEncoding = 4; lastKnownFileType = sourcecode.c.objc; path = CustomCellOnlyText.m; sourceTree = "<group>"; };
		A52288E61C8746B60032DD5C /* SubStatisticsViewController.h */ = {isa = PBXFileReference; fileEncoding = 4; lastKnownFileType = sourcecode.c.h; path = SubStatisticsViewController.h; sourceTree = "<group>"; };
		A52288E71C8746B60032DD5C /* SubStatisticsViewController.m */ = {isa = PBXFileReference; fileEncoding = 4; lastKnownFileType = sourcecode.c.objc; path = SubStatisticsViewController.m; sourceTree = "<group>"; };
		A52288E91C874EE80032DD5C /* CustomCellStatisticsDetail.h */ = {isa = PBXFileReference; fileEncoding = 4; lastKnownFileType = sourcecode.c.h; path = CustomCellStatisticsDetail.h; sourceTree = "<group>"; };
		A52288EA1C874EE80032DD5C /* CustomCellStatisticsDetail.m */ = {isa = PBXFileReference; fileEncoding = 4; lastKnownFileType = sourcecode.c.objc; path = CustomCellStatisticsDetail.m; sourceTree = "<group>"; };
		A55CDFD41C6261C800E9DB1A /* ModelItem.h */ = {isa = PBXFileReference; fileEncoding = 4; lastKnownFileType = sourcecode.c.h; path = ModelItem.h; sourceTree = "<group>"; };
		A55CDFD51C6261C800E9DB1A /* ModelItem.m */ = {isa = PBXFileReference; fileEncoding = 4; lastKnownFileType = sourcecode.c.objc; path = ModelItem.m; sourceTree = "<group>"; };
		A5E26C171C95816100CD1B5B /* CustomViewProfile.h */ = {isa = PBXFileReference; fileEncoding = 4; lastKnownFileType = sourcecode.c.h; path = CustomViewProfile.h; sourceTree = "<group>"; };
		A5E26C181C95816100CD1B5B /* CustomViewProfile.m */ = {isa = PBXFileReference; fileEncoding = 4; lastKnownFileType = sourcecode.c.objc; path = CustomViewProfile.m; sourceTree = "<group>"; };
		A5E26C1A1C95816F00CD1B5B /* CustomViewProfile.xib */ = {isa = PBXFileReference; fileEncoding = 4; lastKnownFileType = file.xib; path = CustomViewProfile.xib; sourceTree = "<group>"; };
		A5E26C231C959A0100CD1B5B /* ProfileViewController.h */ = {isa = PBXFileReference; fileEncoding = 4; lastKnownFileType = sourcecode.c.h; path = ProfileViewController.h; sourceTree = "<group>"; };
		A5E26C241C959A0100CD1B5B /* ProfileViewController.m */ = {isa = PBXFileReference; fileEncoding = 4; lastKnownFileType = sourcecode.c.objc; path = ProfileViewController.m; sourceTree = "<group>"; };
		A5E26C261C959A3600CD1B5B /* ProfileEditViewController.h */ = {isa = PBXFileReference; fileEncoding = 4; lastKnownFileType = sourcecode.c.h; path = ProfileEditViewController.h; sourceTree = "<group>"; };
		A5E26C271C959A3600CD1B5B /* ProfileEditViewController.m */ = {isa = PBXFileReference; fileEncoding = 4; lastKnownFileType = sourcecode.c.objc; path = ProfileEditViewController.m; sourceTree = "<group>"; };
		A5E26C291C959AB900CD1B5B /* CustomCellProfile.h */ = {isa = PBXFileReference; fileEncoding = 4; lastKnownFileType = sourcecode.c.h; path = CustomCellProfile.h; sourceTree = "<group>"; };
		A5E26C2A1C959AB900CD1B5B /* CustomCellProfile.m */ = {isa = PBXFileReference; fileEncoding = 4; lastKnownFileType = sourcecode.c.objc; path = CustomCellProfile.m; sourceTree = "<group>"; };
		A5E26C2C1C959D2000CD1B5B /* CustomCellEditProfile.h */ = {isa = PBXFileReference; fileEncoding = 4; lastKnownFileType = sourcecode.c.h; path = CustomCellEditProfile.h; sourceTree = "<group>"; };
		A5E26C2D1C959D2000CD1B5B /* CustomCellEditProfile.m */ = {isa = PBXFileReference; fileEncoding = 4; lastKnownFileType = sourcecode.c.objc; path = CustomCellEditProfile.m; sourceTree = "<group>"; };
		F25E304E13CF1AEC9B86541E /* Pods-QuickBlox.release.xcconfig */ = {isa = PBXFileReference; includeInIndex = 1; lastKnownFileType = text.xcconfig; name = "Pods-QuickBlox.release.xcconfig"; path = "Pods/Target Support Files/Pods-QuickBlox/Pods-QuickBlox.release.xcconfig"; sourceTree = "<group>"; };
		FB05A9741C52122A00F4DC97 /* UIKit.framework */ = {isa = PBXFileReference; lastKnownFileType = wrapper.framework; name = UIKit.framework; path = System/Library/Frameworks/UIKit.framework; sourceTree = SDKROOT; };
		FB05A9761C52123000F4DC97 /* Foundation.framework */ = {isa = PBXFileReference; lastKnownFileType = wrapper.framework; name = Foundation.framework; path = System/Library/Frameworks/Foundation.framework; sourceTree = SDKROOT; };
		FB05A9791C5212B000F4DC97 /* PrefixHeader.pch */ = {isa = PBXFileReference; fileEncoding = 4; lastKnownFileType = sourcecode.c.h; path = PrefixHeader.pch; sourceTree = "<group>"; };
		FB05A97A1C5212B000F4DC97 /* QuickBlox-PrefixHeader.pch */ = {isa = PBXFileReference; fileEncoding = 4; lastKnownFileType = sourcecode.c.h; path = "QuickBlox-PrefixHeader.pch"; sourceTree = "<group>"; };
		FB05A97C1C52176500F4DC97 /* home@2x.png */ = {isa = PBXFileReference; lastKnownFileType = image.png; path = "home@2x.png"; sourceTree = "<group>"; };
		FB05A97D1C52176500F4DC97 /* home@3x.png */ = {isa = PBXFileReference; lastKnownFileType = image.png; path = "home@3x.png"; sourceTree = "<group>"; };
		FB05A97E1C52176500F4DC97 /* qrCode@2x.png */ = {isa = PBXFileReference; lastKnownFileType = image.png; path = "qrCode@2x.png"; sourceTree = "<group>"; };
		FB05A97F1C52176500F4DC97 /* qrCode@3x.png */ = {isa = PBXFileReference; lastKnownFileType = image.png; path = "qrCode@3x.png"; sourceTree = "<group>"; };
		FB05A9821C52176500F4DC97 /* shopping@2x.png */ = {isa = PBXFileReference; lastKnownFileType = image.png; path = "shopping@2x.png"; sourceTree = "<group>"; };
		FB05A9831C52176500F4DC97 /* shopping@3x.png */ = {isa = PBXFileReference; lastKnownFileType = image.png; path = "shopping@3x.png"; sourceTree = "<group>"; };
		FB05A9841C52176500F4DC97 /* UITableContract.png */ = {isa = PBXFileReference; lastKnownFileType = image.png; path = UITableContract.png; sourceTree = "<group>"; };
		FB05A9851C52176500F4DC97 /* UITableContract@2x.png */ = {isa = PBXFileReference; lastKnownFileType = image.png; path = "UITableContract@2x.png"; sourceTree = "<group>"; };
		FB05A9861C52176500F4DC97 /* UITableExpand.png */ = {isa = PBXFileReference; lastKnownFileType = image.png; path = UITableExpand.png; sourceTree = "<group>"; };
		FB05A9871C52176500F4DC97 /* UITableExpand@2x.png */ = {isa = PBXFileReference; lastKnownFileType = image.png; path = "UITableExpand@2x.png"; sourceTree = "<group>"; };
		FB05A9991C521B3500F4DC97 /* LeftTableViewController.h */ = {isa = PBXFileReference; fileEncoding = 4; lastKnownFileType = sourcecode.c.h; path = LeftTableViewController.h; sourceTree = "<group>"; };
		FB05A99A1C521B3500F4DC97 /* LeftTableViewController.m */ = {isa = PBXFileReference; fileEncoding = 4; lastKnownFileType = sourcecode.c.objc; path = LeftTableViewController.m; sourceTree = "<group>"; };
		FB05A99E1C521D9A00F4DC97 /* LoginViewController.h */ = {isa = PBXFileReference; fileEncoding = 4; lastKnownFileType = sourcecode.c.h; path = LoginViewController.h; sourceTree = "<group>"; };
		FB05A99F1C521D9A00F4DC97 /* LoginViewController.m */ = {isa = PBXFileReference; fileEncoding = 4; lastKnownFileType = sourcecode.c.objc; path = LoginViewController.m; sourceTree = "<group>"; };
		FB05A9A81C5225E100F4DC97 /* LeftCustomCell.h */ = {isa = PBXFileReference; fileEncoding = 4; lastKnownFileType = sourcecode.c.h; path = LeftCustomCell.h; sourceTree = "<group>"; };
		FB05A9A91C5225E100F4DC97 /* LeftCustomCell.m */ = {isa = PBXFileReference; fileEncoding = 4; lastKnownFileType = sourcecode.c.objc; path = LeftCustomCell.m; sourceTree = "<group>"; };
		FB117DC31C5F483F00F8E222 /* reveal-icon@3x.png */ = {isa = PBXFileReference; lastKnownFileType = image.png; path = "reveal-icon@3x.png"; sourceTree = "<group>"; };
		FB117DC41C5F483F00F8E222 /* reveal-icon@2x.png */ = {isa = PBXFileReference; lastKnownFileType = image.png; path = "reveal-icon@2x.png"; sourceTree = "<group>"; };
		FB117DC71C5F48B200F8E222 /* button_plus@3x.png */ = {isa = PBXFileReference; lastKnownFileType = image.png; path = "button_plus@3x.png"; sourceTree = "<group>"; };
		FB117DC81C5F48B200F8E222 /* button_plus@2x.png */ = {isa = PBXFileReference; lastKnownFileType = image.png; path = "button_plus@2x.png"; sourceTree = "<group>"; };
		FB117DCE1C5F5B2C00F8E222 /* ItemsTableViewController.h */ = {isa = PBXFileReference; fileEncoding = 4; lastKnownFileType = sourcecode.c.h; path = ItemsTableViewController.h; sourceTree = "<group>"; };
		FB117DCF1C5F5B2C00F8E222 /* ItemsTableViewController.m */ = {isa = PBXFileReference; fileEncoding = 4; lastKnownFileType = sourcecode.c.objc; path = ItemsTableViewController.m; sourceTree = "<group>"; };
		FB117DD11C5F5E3F00F8E222 /* ItemsTableViewCell.h */ = {isa = PBXFileReference; fileEncoding = 4; lastKnownFileType = sourcecode.c.h; path = ItemsTableViewCell.h; sourceTree = "<group>"; };
		FB117DD21C5F5E3F00F8E222 /* ItemsTableViewCell.m */ = {isa = PBXFileReference; fileEncoding = 4; lastKnownFileType = sourcecode.c.objc; path = ItemsTableViewCell.m; sourceTree = "<group>"; };
		FB117DD61C5F77EC00F8E222 /* doneButton@3x.png */ = {isa = PBXFileReference; lastKnownFileType = image.png; path = "doneButton@3x.png"; sourceTree = "<group>"; };
		FB117DD71C5F77EC00F8E222 /* doneButton@2x.png */ = {isa = PBXFileReference; lastKnownFileType = image.png; path = "doneButton@2x.png"; sourceTree = "<group>"; };
		FB117DDA1C5F783B00F8E222 /* backButton@3x.png */ = {isa = PBXFileReference; lastKnownFileType = image.png; path = "backButton@3x.png"; sourceTree = "<group>"; };
		FB117DDB1C5F783B00F8E222 /* backButton@2x.png */ = {isa = PBXFileReference; lastKnownFileType = image.png; path = "backButton@2x.png"; sourceTree = "<group>"; };
		FB117DE21C5F804A00F8E222 /* AddItemViewController.h */ = {isa = PBXFileReference; fileEncoding = 4; lastKnownFileType = sourcecode.c.h; path = AddItemViewController.h; sourceTree = "<group>"; };
		FB117DE31C5F804A00F8E222 /* AddItemViewController.m */ = {isa = PBXFileReference; fileEncoding = 4; lastKnownFileType = sourcecode.c.objc; path = AddItemViewController.m; sourceTree = "<group>"; };
		FB117DE51C5F846600F8E222 /* AddItemTableViewCell.h */ = {isa = PBXFileReference; fileEncoding = 4; lastKnownFileType = sourcecode.c.h; path = AddItemTableViewCell.h; sourceTree = "<group>"; };
		FB117DE61C5F846600F8E222 /* AddItemTableViewCell.m */ = {isa = PBXFileReference; fileEncoding = 4; lastKnownFileType = sourcecode.c.objc; path = AddItemTableViewCell.m; sourceTree = "<group>"; };
		FB1AA9681C6052030095D816 /* DatePickerViewController.h */ = {isa = PBXFileReference; fileEncoding = 4; lastKnownFileType = sourcecode.c.h; path = DatePickerViewController.h; sourceTree = "<group>"; };
		FB1AA9691C6052030095D816 /* DatePickerViewController.m */ = {isa = PBXFileReference; fileEncoding = 4; lastKnownFileType = sourcecode.c.objc; path = DatePickerViewController.m; sourceTree = "<group>"; };
		FB1AA96C1C6052990095D816 /* CommonFeature.h */ = {isa = PBXFileReference; fileEncoding = 4; lastKnownFileType = sourcecode.c.h; path = CommonFeature.h; sourceTree = "<group>"; };
		FB1AA96D1C6052990095D816 /* CommonFeature.m */ = {isa = PBXFileReference; fileEncoding = 4; lastKnownFileType = sourcecode.c.objc; path = CommonFeature.m; sourceTree = "<group>"; };
		FB1AA9701C60B0340095D816 /* Security.framework */ = {isa = PBXFileReference; lastKnownFileType = wrapper.framework; name = Security.framework; path = System/Library/Frameworks/Security.framework; sourceTree = SDKROOT; };
		FB1AA9721C60B03F0095D816 /* libxml2.2.tbd */ = {isa = PBXFileReference; lastKnownFileType = "sourcecode.text-based-dylib-definition"; name = libxml2.2.tbd; path = usr/lib/libxml2.2.tbd; sourceTree = SDKROOT; };
		FB1AA9741C60B04A0095D816 /* libresolv.9.tbd */ = {isa = PBXFileReference; lastKnownFileType = "sourcecode.text-based-dylib-definition"; name = libresolv.9.tbd; path = usr/lib/libresolv.9.tbd; sourceTree = SDKROOT; };
		FB1AA9761C60B0530095D816 /* libz.1.2.5.tbd */ = {isa = PBXFileReference; lastKnownFileType = "sourcecode.text-based-dylib-definition"; name = libz.1.2.5.tbd; path = usr/lib/libz.1.2.5.tbd; sourceTree = SDKROOT; };
		FB1AA9781C60B05B0095D816 /* QuartzCore.framework */ = {isa = PBXFileReference; lastKnownFileType = wrapper.framework; name = QuartzCore.framework; path = System/Library/Frameworks/QuartzCore.framework; sourceTree = SDKROOT; };
		FB1AA97A1C60B0640095D816 /* CoreGraphics.framework */ = {isa = PBXFileReference; lastKnownFileType = wrapper.framework; name = CoreGraphics.framework; path = System/Library/Frameworks/CoreGraphics.framework; sourceTree = SDKROOT; };
		FB1AA97C1C60B06C0095D816 /* MobileCoreServices.framework */ = {isa = PBXFileReference; lastKnownFileType = wrapper.framework; name = MobileCoreServices.framework; path = System/Library/Frameworks/MobileCoreServices.framework; sourceTree = SDKROOT; };
		FB1AA97E1C60B0750095D816 /* SystemConfiguration.framework */ = {isa = PBXFileReference; lastKnownFileType = wrapper.framework; name = SystemConfiguration.framework; path = System/Library/Frameworks/SystemConfiguration.framework; sourceTree = SDKROOT; };
		FB1AA9831C60D4460095D816 /* Keychain.h */ = {isa = PBXFileReference; fileEncoding = 4; lastKnownFileType = sourcecode.c.h; path = Keychain.h; sourceTree = "<group>"; };
		FB1AA9841C60D4460095D816 /* Keychain.m */ = {isa = PBXFileReference; fileEncoding = 4; lastKnownFileType = sourcecode.c.objc; path = Keychain.m; sourceTree = "<group>"; };
		FB4422111C51CD1C0083B341 /* QuickBlox.app */ = {isa = PBXFileReference; explicitFileType = wrapper.application; includeInIndex = 0; path = QuickBlox.app; sourceTree = BUILT_PRODUCTS_DIR; };
		FB4422151C51CD1C0083B341 /* main.m */ = {isa = PBXFileReference; lastKnownFileType = sourcecode.c.objc; path = main.m; sourceTree = "<group>"; };
		FB44221E1C51CD1C0083B341 /* Base */ = {isa = PBXFileReference; lastKnownFileType = file.storyboard; name = Base; path = Base.lproj/Main.storyboard; sourceTree = "<group>"; };
		FB4422211C51CD1C0083B341 /* QuickBlox.xcdatamodel */ = {isa = PBXFileReference; lastKnownFileType = wrapper.xcdatamodel; path = QuickBlox.xcdatamodel; sourceTree = "<group>"; };
		FB4422231C51CD1C0083B341 /* Assets.xcassets */ = {isa = PBXFileReference; lastKnownFileType = folder.assetcatalog; path = Assets.xcassets; sourceTree = "<group>"; };
		FB4422261C51CD1C0083B341 /* Base */ = {isa = PBXFileReference; lastKnownFileType = file.storyboard; name = Base; path = Base.lproj/LaunchScreen.storyboard; sourceTree = "<group>"; };
		FB4422281C51CD1C0083B341 /* Info.plist */ = {isa = PBXFileReference; lastKnownFileType = text.plist.xml; path = Info.plist; sourceTree = "<group>"; };
		FB4422371C51D4240083B341 /* AppDelegate.h */ = {isa = PBXFileReference; fileEncoding = 4; lastKnownFileType = sourcecode.c.h; path = AppDelegate.h; sourceTree = "<group>"; };
		FB4422381C51D4240083B341 /* AppDelegate.m */ = {isa = PBXFileReference; fileEncoding = 4; lastKnownFileType = sourcecode.c.objc; path = AppDelegate.m; sourceTree = "<group>"; };
		FB44223B1C51D4530083B341 /* CustomAnimationController.h */ = {isa = PBXFileReference; fileEncoding = 4; lastKnownFileType = sourcecode.c.h; path = CustomAnimationController.h; sourceTree = "<group>"; };
		FB44223C1C51D4530083B341 /* CustomAnimationController.m */ = {isa = PBXFileReference; fileEncoding = 4; lastKnownFileType = sourcecode.c.objc; path = CustomAnimationController.m; sourceTree = "<group>"; };
		FB44223D1C51D4530083B341 /* SWRevealViewController.h */ = {isa = PBXFileReference; fileEncoding = 4; lastKnownFileType = sourcecode.c.h; path = SWRevealViewController.h; sourceTree = "<group>"; };
		FB44223E1C51D4530083B341 /* SWRevealViewController.m */ = {isa = PBXFileReference; fileEncoding = 4; lastKnownFileType = sourcecode.c.objc; path = SWRevealViewController.m; sourceTree = "<group>"; };
		FB6F7E801C5877E6002F63F3 /* SignUpViewController.h */ = {isa = PBXFileReference; fileEncoding = 4; lastKnownFileType = sourcecode.c.h; path = SignUpViewController.h; sourceTree = "<group>"; };
		FB6F7E811C5877E6002F63F3 /* SignUpViewController.m */ = {isa = PBXFileReference; fileEncoding = 4; lastKnownFileType = sourcecode.c.objc; path = SignUpViewController.m; sourceTree = "<group>"; };
		FB6F7E841C587DB5002F63F3 /* CartViewController.h */ = {isa = PBXFileReference; fileEncoding = 4; lastKnownFileType = sourcecode.c.h; path = CartViewController.h; sourceTree = "<group>"; };
		FB6F7E851C587DB5002F63F3 /* CartViewController.m */ = {isa = PBXFileReference; fileEncoding = 4; lastKnownFileType = sourcecode.c.objc; path = CartViewController.m; sourceTree = "<group>"; };
		FB7D2FD11C5F0E6600EEF1EC /* SetupViewContronller.h */ = {isa = PBXFileReference; fileEncoding = 4; lastKnownFileType = sourcecode.c.h; path = SetupViewContronller.h; sourceTree = "<group>"; };
		FB7D2FD21C5F0E6600EEF1EC /* SetupViewContronller.m */ = {isa = PBXFileReference; fileEncoding = 4; lastKnownFileType = sourcecode.c.objc; path = SetupViewContronller.m; sourceTree = "<group>"; };
		FB7D2FD51C5F0E9900EEF1EC /* StatisticsViewController.h */ = {isa = PBXFileReference; fileEncoding = 4; lastKnownFileType = sourcecode.c.h; path = StatisticsViewController.h; sourceTree = "<group>"; };
		FB7D2FD61C5F0E9900EEF1EC /* StatisticsViewController.m */ = {isa = PBXFileReference; fileEncoding = 4; lastKnownFileType = sourcecode.c.objc; path = StatisticsViewController.m; sourceTree = "<group>"; };
		FB8DFD6B1C916CF0004C344A /* AdmodManager.h */ = {isa = PBXFileReference; fileEncoding = 4; lastKnownFileType = sourcecode.c.h; path = AdmodManager.h; sourceTree = "<group>"; };
		FB8DFD6C1C916CF0004C344A /* AdmodManager.m */ = {isa = PBXFileReference; fileEncoding = 4; lastKnownFileType = sourcecode.c.objc; path = AdmodManager.m; sourceTree = "<group>"; };
		FB8DFD7B1C9171E7004C344A /* libsqlite3.0.tbd */ = {isa = PBXFileReference; lastKnownFileType = "sourcecode.text-based-dylib-definition"; name = libsqlite3.0.tbd; path = usr/lib/libsqlite3.0.tbd; sourceTree = SDKROOT; };
		FBCB74121C92A0C800CF017B /* RWLabel.h */ = {isa = PBXFileReference; fileEncoding = 4; lastKnownFileType = sourcecode.c.h; path = RWLabel.h; sourceTree = "<group>"; };
		FBCB74131C92A0C800CF017B /* RWLabel.m */ = {isa = PBXFileReference; fileEncoding = 4; lastKnownFileType = sourcecode.c.objc; path = RWLabel.m; sourceTree = "<group>"; };
		FBCB74171C92AE1300CF017B /* GAI.h */ = {isa = PBXFileReference; fileEncoding = 4; lastKnownFileType = sourcecode.c.h; path = GAI.h; sourceTree = "<group>"; };
		FBCB74181C92AE1300CF017B /* GAIDictionaryBuilder.h */ = {isa = PBXFileReference; fileEncoding = 4; lastKnownFileType = sourcecode.c.h; path = GAIDictionaryBuilder.h; sourceTree = "<group>"; };
		FBCB74191C92AE1300CF017B /* GAIEcommerceFields.h */ = {isa = PBXFileReference; fileEncoding = 4; lastKnownFileType = sourcecode.c.h; path = GAIEcommerceFields.h; sourceTree = "<group>"; };
		FBCB741A1C92AE1300CF017B /* GAIEcommerceProduct.h */ = {isa = PBXFileReference; fileEncoding = 4; lastKnownFileType = sourcecode.c.h; path = GAIEcommerceProduct.h; sourceTree = "<group>"; };
		FBCB741B1C92AE1300CF017B /* GAIEcommerceProductAction.h */ = {isa = PBXFileReference; fileEncoding = 4; lastKnownFileType = sourcecode.c.h; path = GAIEcommerceProductAction.h; sourceTree = "<group>"; };
		FBCB741C1C92AE1300CF017B /* GAIEcommercePromotion.h */ = {isa = PBXFileReference; fileEncoding = 4; lastKnownFileType = sourcecode.c.h; path = GAIEcommercePromotion.h; sourceTree = "<group>"; };
		FBCB741D1C92AE1300CF017B /* GAIFields.h */ = {isa = PBXFileReference; fileEncoding = 4; lastKnownFileType = sourcecode.c.h; path = GAIFields.h; sourceTree = "<group>"; };
		FBCB741E1C92AE1300CF017B /* GAILogger.h */ = {isa = PBXFileReference; fileEncoding = 4; lastKnownFileType = sourcecode.c.h; path = GAILogger.h; sourceTree = "<group>"; };
		FBCB741F1C92AE1300CF017B /* GAITrackedViewController.h */ = {isa = PBXFileReference; fileEncoding = 4; lastKnownFileType = sourcecode.c.h; path = GAITrackedViewController.h; sourceTree = "<group>"; };
		FBCB74201C92AE1300CF017B /* GAITracker.h */ = {isa = PBXFileReference; fileEncoding = 4; lastKnownFileType = sourcecode.c.h; path = GAITracker.h; sourceTree = "<group>"; };
		FBCB74211C92AE1300CF017B /* libGoogleAnalyticsServices.a */ = {isa = PBXFileReference; lastKnownFileType = archive.ar; path = libGoogleAnalyticsServices.a; sourceTree = "<group>"; };
		FBCB74231C92AE1300CF017B /* QRCameraSwitchButton.h */ = {isa = PBXFileReference; fileEncoding = 4; lastKnownFileType = sourcecode.c.h; path = QRCameraSwitchButton.h; sourceTree = "<group>"; };
		FBCB74241C92AE1300CF017B /* QRCameraSwitchButton.m */ = {isa = PBXFileReference; fileEncoding = 4; lastKnownFileType = sourcecode.c.objc; path = QRCameraSwitchButton.m; sourceTree = "<group>"; };
		FBCB74251C92AE1300CF017B /* QRCodeReader.h */ = {isa = PBXFileReference; fileEncoding = 4; lastKnownFileType = sourcecode.c.h; path = QRCodeReader.h; sourceTree = "<group>"; };
		FBCB74261C92AE1300CF017B /* QRCodeReader.m */ = {isa = PBXFileReference; fileEncoding = 4; lastKnownFileType = sourcecode.c.objc; path = QRCodeReader.m; sourceTree = "<group>"; };
		FBCB74271C92AE1300CF017B /* QRCodeReaderDelegate.h */ = {isa = PBXFileReference; fileEncoding = 4; lastKnownFileType = sourcecode.c.h; path = QRCodeReaderDelegate.h; sourceTree = "<group>"; };
		FBCB74281C92AE1300CF017B /* QRCodeReaderView.h */ = {isa = PBXFileReference; fileEncoding = 4; lastKnownFileType = sourcecode.c.h; path = QRCodeReaderView.h; sourceTree = "<group>"; };
		FBCB74291C92AE1300CF017B /* QRCodeReaderView.m */ = {isa = PBXFileReference; fileEncoding = 4; lastKnownFileType = sourcecode.c.objc; path = QRCodeReaderView.m; sourceTree = "<group>"; };
		FBCB742A1C92AE1300CF017B /* QRCodeReaderViewController.h */ = {isa = PBXFileReference; fileEncoding = 4; lastKnownFileType = sourcecode.c.h; path = QRCodeReaderViewController.h; sourceTree = "<group>"; };
		FBCB742B1C92AE1300CF017B /* QRCodeReaderViewController.m */ = {isa = PBXFileReference; fileEncoding = 4; lastKnownFileType = sourcecode.c.objc; path = QRCodeReaderViewController.m; sourceTree = "<group>"; };
		FBCB742C1C92AE1300CF017B /* QRToggleTorchButton.h */ = {isa = PBXFileReference; fileEncoding = 4; lastKnownFileType = sourcecode.c.h; path = QRToggleTorchButton.h; sourceTree = "<group>"; };
		FBCB742D1C92AE1300CF017B /* QRToggleTorchButton.m */ = {isa = PBXFileReference; fileEncoding = 4; lastKnownFileType = sourcecode.c.objc; path = QRToggleTorchButton.m; sourceTree = "<group>"; };
		FBCB74341C92D0DE00CF017B /* settingIcon@3x.png */ = {isa = PBXFileReference; lastKnownFileType = image.png; path = "settingIcon@3x.png"; sourceTree = "<group>"; };
		FBCB74351C92D0DE00CF017B /* settingIcon@2x.png */ = {isa = PBXFileReference; lastKnownFileType = image.png; path = "settingIcon@2x.png"; sourceTree = "<group>"; };
		FBCB74381C92D1CE00CF017B /* analyticsIcon@2x.png */ = {isa = PBXFileReference; lastKnownFileType = image.png; path = "analyticsIcon@2x.png"; sourceTree = "<group>"; };
		FBCB74391C92D1CE00CF017B /* analyticsIcon@3x.png */ = {isa = PBXFileReference; lastKnownFileType = image.png; path = "analyticsIcon@3x.png"; sourceTree = "<group>"; };
		FBCB743C1C92D25400CF017B /* logoutIcon@3x.png */ = {isa = PBXFileReference; lastKnownFileType = image.png; path = "logoutIcon@3x.png"; sourceTree = "<group>"; };
		FBCB743D1C92D25400CF017B /* logoutIcon@2x.png */ = {isa = PBXFileReference; lastKnownFileType = image.png; path = "logoutIcon@2x.png"; sourceTree = "<group>"; };
		FBFB7AB71C61A73D0088ED92 /* ForgotPasswordViewController.h */ = {isa = PBXFileReference; fileEncoding = 4; lastKnownFileType = sourcecode.c.h; path = ForgotPasswordViewController.h; sourceTree = "<group>"; };
		FBFB7AB81C61A73D0088ED92 /* ForgotPasswordViewController.m */ = {isa = PBXFileReference; fileEncoding = 4; lastKnownFileType = sourcecode.c.objc; path = ForgotPasswordViewController.m; sourceTree = "<group>"; };
		FBFB7ABB1C61A9F00088ED92 /* ObjectsPaginator.h */ = {isa = PBXFileReference; fileEncoding = 4; lastKnownFileType = sourcecode.c.h; path = ObjectsPaginator.h; sourceTree = "<group>"; };
		FBFB7ABC1C61A9F00088ED92 /* ObjectsPaginator.m */ = {isa = PBXFileReference; fileEncoding = 4; lastKnownFileType = sourcecode.c.objc; path = ObjectsPaginator.m; sourceTree = "<group>"; };
		FBFB7ABD1C61A9F00088ED92 /* Storage.h */ = {isa = PBXFileReference; fileEncoding = 4; lastKnownFileType = sourcecode.c.h; path = Storage.h; sourceTree = "<group>"; };
		FBFB7ABE1C61A9F00088ED92 /* Storage.m */ = {isa = PBXFileReference; fileEncoding = 4; lastKnownFileType = sourcecode.c.objc; path = Storage.m; sourceTree = "<group>"; };
/* End PBXFileReference section */

/* Begin PBXFrameworksBuildPhase section */
		FB44220E1C51CD1C0083B341 /* Frameworks */ = {
			isa = PBXFrameworksBuildPhase;
			buildActionMask = 2147483647;
			files = (
				FB8DFD7C1C9171E7004C344A /* libsqlite3.0.tbd in Frameworks */,
				FB1AA97F1C60B0750095D816 /* SystemConfiguration.framework in Frameworks */,
				FBCB742E1C92AE1300CF017B /* libGoogleAnalyticsServices.a in Frameworks */,
				FB1AA97D1C60B06C0095D816 /* MobileCoreServices.framework in Frameworks */,
				FB1AA97B1C60B0640095D816 /* CoreGraphics.framework in Frameworks */,
				FB1AA9791C60B05B0095D816 /* QuartzCore.framework in Frameworks */,
				FB1AA9771C60B0530095D816 /* libz.1.2.5.tbd in Frameworks */,
				FB1AA9751C60B04A0095D816 /* libresolv.9.tbd in Frameworks */,
				FB1AA9731C60B03F0095D816 /* libxml2.2.tbd in Frameworks */,
				FB1AA9711C60B0340095D816 /* Security.framework in Frameworks */,
				FB05A9771C52123000F4DC97 /* Foundation.framework in Frameworks */,
				FB05A9751C52122A00F4DC97 /* UIKit.framework in Frameworks */,
				CF75E46EDA998F50FB311E4E /* libPods-QuickBlox.a in Frameworks */,
			);
			runOnlyForDeploymentPostprocessing = 0;
		};
/* End PBXFrameworksBuildPhase section */

/* Begin PBXGroup section */
		A5E26C221C9599F100CD1B5B /* ProfileViewController */ = {
			isa = PBXGroup;
			children = (
				A5E26C231C959A0100CD1B5B /* ProfileViewController.h */,
				A5E26C241C959A0100CD1B5B /* ProfileViewController.m */,
				A5E26C261C959A3600CD1B5B /* ProfileEditViewController.h */,
				A5E26C271C959A3600CD1B5B /* ProfileEditViewController.m */,
			);
			path = ProfileViewController;
			sourceTree = "<group>";
		};
		BC8682A5D6B2BD4F7C1B19F4 /* Frameworks */ = {
			isa = PBXGroup;
			children = (
				FB8DFD7B1C9171E7004C344A /* libsqlite3.0.tbd */,
				FB1AA97E1C60B0750095D816 /* SystemConfiguration.framework */,
				FB1AA97C1C60B06C0095D816 /* MobileCoreServices.framework */,
				FB1AA97A1C60B0640095D816 /* CoreGraphics.framework */,
				FB1AA9781C60B05B0095D816 /* QuartzCore.framework */,
				FB1AA9761C60B0530095D816 /* libz.1.2.5.tbd */,
				FB1AA9741C60B04A0095D816 /* libresolv.9.tbd */,
				FB1AA9721C60B03F0095D816 /* libxml2.2.tbd */,
				FB1AA9701C60B0340095D816 /* Security.framework */,
				FB05A9761C52123000F4DC97 /* Foundation.framework */,
				FB05A9741C52122A00F4DC97 /* UIKit.framework */,
				6D665E4A0388CE6629C03EAF /* libPods-QuickBlox.a */,
			);
			name = Frameworks;
			sourceTree = "<group>";
		};
		E93AABDFC745649A196D43B7 /* Pods */ = {
			isa = PBXGroup;
			children = (
				1E1AE0F2D676F4E814334650 /* Pods-QuickBlox.debug.xcconfig */,
				F25E304E13CF1AEC9B86541E /* Pods-QuickBlox.release.xcconfig */,
			);
			name = Pods;
			sourceTree = "<group>";
		};
		FB05A9781C5212B000F4DC97 /* Resource */ = {
			isa = PBXGroup;
			children = (
				FB05A9791C5212B000F4DC97 /* PrefixHeader.pch */,
				FB05A97A1C5212B000F4DC97 /* QuickBlox-PrefixHeader.pch */,
			);
			path = Resource;
			sourceTree = "<group>";
		};
		FB05A97B1C52176500F4DC97 /* images */ = {
			isa = PBXGroup;
			children = (
				A52010F51C95C49200943E53 /* profileIcon@3x.png */,
				A52010F61C95C49200943E53 /* profileIcon@2x.png */,
				A52010F11C95C0A100943E53 /* profileDefault@3x.png */,
				A52010F21C95C0A100943E53 /* profileDefault@2x.png */,
				FBCB743C1C92D25400CF017B /* logoutIcon@3x.png */,
				FBCB743D1C92D25400CF017B /* logoutIcon@2x.png */,
				FBCB74381C92D1CE00CF017B /* analyticsIcon@2x.png */,
				FBCB74391C92D1CE00CF017B /* analyticsIcon@3x.png */,
				FBCB74341C92D0DE00CF017B /* settingIcon@3x.png */,
				FBCB74351C92D0DE00CF017B /* settingIcon@2x.png */,
				FB117DDA1C5F783B00F8E222 /* backButton@3x.png */,
				FB117DDB1C5F783B00F8E222 /* backButton@2x.png */,
				FB117DD61C5F77EC00F8E222 /* doneButton@3x.png */,
				FB117DD71C5F77EC00F8E222 /* doneButton@2x.png */,
				FB117DC71C5F48B200F8E222 /* button_plus@3x.png */,
				FB117DC81C5F48B200F8E222 /* button_plus@2x.png */,
				FB117DC31C5F483F00F8E222 /* reveal-icon@3x.png */,
				FB117DC41C5F483F00F8E222 /* reveal-icon@2x.png */,
				FB05A97C1C52176500F4DC97 /* home@2x.png */,
				FB05A97D1C52176500F4DC97 /* home@3x.png */,
				FB05A97E1C52176500F4DC97 /* qrCode@2x.png */,
				FB05A97F1C52176500F4DC97 /* qrCode@3x.png */,
				FB05A9821C52176500F4DC97 /* shopping@2x.png */,
				FB05A9831C52176500F4DC97 /* shopping@3x.png */,
				FB05A9841C52176500F4DC97 /* UITableContract.png */,
				FB05A9851C52176500F4DC97 /* UITableContract@2x.png */,
				FB05A9861C52176500F4DC97 /* UITableExpand.png */,
				FB05A9871C52176500F4DC97 /* UITableExpand@2x.png */,
			);
			path = images;
			sourceTree = "<group>";
		};
		FB05A9941C521AED00F4DC97 /* ItemsTableViewController */ = {
			isa = PBXGroup;
			children = (
				FB117DCE1C5F5B2C00F8E222 /* ItemsTableViewController.h */,
				FB117DCF1C5F5B2C00F8E222 /* ItemsTableViewController.m */,
			);
			name = ItemsTableViewController;
			path = MainViewController;
			sourceTree = "<group>";
		};
		FB05A9951C521AFF00F4DC97 /* LeftViewController */ = {
			isa = PBXGroup;
			children = (
				FB05A9991C521B3500F4DC97 /* LeftTableViewController.h */,
				FB05A99A1C521B3500F4DC97 /* LeftTableViewController.m */,
			);
			path = LeftViewController;
			sourceTree = "<group>";
		};
		FB05A99D1C521D8D00F4DC97 /* LoginViewController */ = {
			isa = PBXGroup;
			children = (
				FB05A99E1C521D9A00F4DC97 /* LoginViewController.h */,
				FB05A99F1C521D9A00F4DC97 /* LoginViewController.m */,
			);
			path = LoginViewController;
			sourceTree = "<group>";
		};
		FB05A9A71C5225D700F4DC97 /* CustomCell */ = {
			isa = PBXGroup;
			children = (
				FB05A9A81C5225E100F4DC97 /* LeftCustomCell.h */,
				FB05A9A91C5225E100F4DC97 /* LeftCustomCell.m */,
				FB117DD11C5F5E3F00F8E222 /* ItemsTableViewCell.h */,
				FB117DD21C5F5E3F00F8E222 /* ItemsTableViewCell.m */,
				FB117DE51C5F846600F8E222 /* AddItemTableViewCell.h */,
				FB117DE61C5F846600F8E222 /* AddItemTableViewCell.m */,
				A52288E31C8742570032DD5C /* CustomCellOnlyText.h */,
				A52288E41C8742570032DD5C /* CustomCellOnlyText.m */,
				A52288E91C874EE80032DD5C /* CustomCellStatisticsDetail.h */,
				A52288EA1C874EE80032DD5C /* CustomCellStatisticsDetail.m */,
				A5E26C171C95816100CD1B5B /* CustomViewProfile.h */,
				A5E26C181C95816100CD1B5B /* CustomViewProfile.m */,
				A5E26C1A1C95816F00CD1B5B /* CustomViewProfile.xib */,
				A5E26C291C959AB900CD1B5B /* CustomCellProfile.h */,
				A5E26C2A1C959AB900CD1B5B /* CustomCellProfile.m */,
				A5E26C2C1C959D2000CD1B5B /* CustomCellEditProfile.h */,
				A5E26C2D1C959D2000CD1B5B /* CustomCellEditProfile.m */,
			);
			path = CustomCell;
			sourceTree = "<group>";
		};
		FB117DDE1C5F791300F8E222 /* AddItemViewController */ = {
			isa = PBXGroup;
			children = (
				FB117DE21C5F804A00F8E222 /* AddItemViewController.h */,
				FB117DE31C5F804A00F8E222 /* AddItemViewController.m */,
			);
			path = AddItemViewController;
			sourceTree = "<group>";
		};
		FB1AA9671C6051F30095D816 /* DatePickerViewController */ = {
			isa = PBXGroup;
			children = (
				FB1AA9681C6052030095D816 /* DatePickerViewController.h */,
				FB1AA9691C6052030095D816 /* DatePickerViewController.m */,
			);
			path = DatePickerViewController;
			sourceTree = "<group>";
		};
		FB1AA96B1C60526A0095D816 /* Commons */ = {
			isa = PBXGroup;
			children = (
				A52010F91C95D40800943E53 /* CameraObject.h */,
				A52010FA1C95D40800943E53 /* CameraObject.m */,
				A52010FC1C95D4E600943E53 /* UIActionSheet+Blocks.h */,
				A52010FD1C95D4E600943E53 /* UIActionSheet+Blocks.m */,
				FBCB74121C92A0C800CF017B /* RWLabel.h */,
				FBCB74131C92A0C800CF017B /* RWLabel.m */,
				FB1AA96C1C6052990095D816 /* CommonFeature.h */,
				FB1AA96D1C6052990095D816 /* CommonFeature.m */,
				FB1AA9831C60D4460095D816 /* Keychain.h */,
				FB1AA9841C60D4460095D816 /* Keychain.m */,
				FB8DFD6B1C916CF0004C344A /* AdmodManager.h */,
				FB8DFD6C1C916CF0004C344A /* AdmodManager.m */,
			);
			path = Commons;
			sourceTree = "<group>";
		};
		FB1AA96F1C60888B0095D816 /* CoreData */ = {
			isa = PBXGroup;
			children = (
			);
			path = CoreData;
			sourceTree = "<group>";
		};
		FB4422081C51CD1C0083B341 = {
			isa = PBXGroup;
			children = (
				FB4422131C51CD1C0083B341 /* QuickBlox */,
				FB4422121C51CD1C0083B341 /* Products */,
				E93AABDFC745649A196D43B7 /* Pods */,
				BC8682A5D6B2BD4F7C1B19F4 /* Frameworks */,
			);
			sourceTree = "<group>";
		};
		FB4422121C51CD1C0083B341 /* Products */ = {
			isa = PBXGroup;
			children = (
				FB4422111C51CD1C0083B341 /* QuickBlox.app */,
			);
			name = Products;
			sourceTree = "<group>";
		};
		FB4422131C51CD1C0083B341 /* QuickBlox */ = {
			isa = PBXGroup;
			children = (
				FBCB74151C92AE1300CF017B /* ThirdParty */,
				FBFB7ABA1C61A9E70088ED92 /* Models */,
				FB1AA96F1C60888B0095D816 /* CoreData */,
				FB1AA96B1C60526A0095D816 /* Commons */,
				FB05A9A71C5225D700F4DC97 /* CustomCell */,
				FB4422361C51D4240083B341 /* AppDelegate */,
				FB44223A1C51D4530083B341 /* SWRevealViewController */,
				FB44222E1C51D40B0083B341 /* ViewControllers */,
				FB44221D1C51CD1C0083B341 /* Main.storyboard */,
				FB4422231C51CD1C0083B341 /* Assets.xcassets */,
				FB4422251C51CD1C0083B341 /* LaunchScreen.storyboard */,
				FB4422281C51CD1C0083B341 /* Info.plist */,
				FB4422201C51CD1C0083B341 /* QuickBlox.xcdatamodeld */,
				FB4422141C51CD1C0083B341 /* Supporting Files */,
			);
			path = QuickBlox;
			sourceTree = "<group>";
		};
		FB4422141C51CD1C0083B341 /* Supporting Files */ = {
			isa = PBXGroup;
			children = (
				FB05A97B1C52176500F4DC97 /* images */,
				FB05A9781C5212B000F4DC97 /* Resource */,
				FB4422151C51CD1C0083B341 /* main.m */,
			);
			name = "Supporting Files";
			sourceTree = "<group>";
		};
		FB44222E1C51D40B0083B341 /* ViewControllers */ = {
			isa = PBXGroup;
			children = (
				A5E26C221C9599F100CD1B5B /* ProfileViewController */,
				FBFB7AB61C61A7310088ED92 /* ForgotPasswordViewController */,
				FB1AA9671C6051F30095D816 /* DatePickerViewController */,
				FB117DDE1C5F791300F8E222 /* AddItemViewController */,
				FB7D2FD41C5F0E8E00EEF1EC /* StatisticsViewController */,
				FB7D2FD01C5F0E5500EEF1EC /* SetupViewContronller */,
				FB05A99D1C521D8D00F4DC97 /* LoginViewController */,
				FB05A9951C521AFF00F4DC97 /* LeftViewController */,
				FB05A9941C521AED00F4DC97 /* ItemsTableViewController */,
				FB6F7E7F1C5877D0002F63F3 /* SignUpViewController */,
				FB6F7E831C587DAA002F63F3 /* CartViewController */,
			);
			path = ViewControllers;
			sourceTree = "<group>";
		};
		FB4422361C51D4240083B341 /* AppDelegate */ = {
			isa = PBXGroup;
			children = (
				FB4422371C51D4240083B341 /* AppDelegate.h */,
				FB4422381C51D4240083B341 /* AppDelegate.m */,
			);
			path = AppDelegate;
			sourceTree = "<group>";
		};
		FB44223A1C51D4530083B341 /* SWRevealViewController */ = {
			isa = PBXGroup;
			children = (
				FB44223B1C51D4530083B341 /* CustomAnimationController.h */,
				FB44223C1C51D4530083B341 /* CustomAnimationController.m */,
				FB44223D1C51D4530083B341 /* SWRevealViewController.h */,
				FB44223E1C51D4530083B341 /* SWRevealViewController.m */,
			);
			path = SWRevealViewController;
			sourceTree = "<group>";
		};
		FB6F7E7F1C5877D0002F63F3 /* SignUpViewController */ = {
			isa = PBXGroup;
			children = (
				FB6F7E801C5877E6002F63F3 /* SignUpViewController.h */,
				FB6F7E811C5877E6002F63F3 /* SignUpViewController.m */,
			);
			path = SignUpViewController;
			sourceTree = "<group>";
		};
		FB6F7E831C587DAA002F63F3 /* CartViewController */ = {
			isa = PBXGroup;
			children = (
				FB6F7E841C587DB5002F63F3 /* CartViewController.h */,
				FB6F7E851C587DB5002F63F3 /* CartViewController.m */,
			);
			path = CartViewController;
			sourceTree = "<group>";
		};
		FB7D2FD01C5F0E5500EEF1EC /* SetupViewContronller */ = {
			isa = PBXGroup;
			children = (
				FB7D2FD11C5F0E6600EEF1EC /* SetupViewContronller.h */,
				FB7D2FD21C5F0E6600EEF1EC /* SetupViewContronller.m */,
			);
			path = SetupViewContronller;
			sourceTree = "<group>";
		};
		FB7D2FD41C5F0E8E00EEF1EC /* StatisticsViewController */ = {
			isa = PBXGroup;
			children = (
				FB7D2FD51C5F0E9900EEF1EC /* StatisticsViewController.h */,
				FB7D2FD61C5F0E9900EEF1EC /* StatisticsViewController.m */,
				A52288E61C8746B60032DD5C /* SubStatisticsViewController.h */,
				A52288E71C8746B60032DD5C /* SubStatisticsViewController.m */,
			);
			path = StatisticsViewController;
			sourceTree = "<group>";
		};
		FBCB74151C92AE1300CF017B /* ThirdParty */ = {
			isa = PBXGroup;
			children = (
				FBCB74161C92AE1300CF017B /* GoogleAnalytics */,
				FBCB74221C92AE1300CF017B /* QRCodeReaderViewController */,
			);
			path = ThirdParty;
			sourceTree = "<group>";
		};
		FBCB74161C92AE1300CF017B /* GoogleAnalytics */ = {
			isa = PBXGroup;
			children = (
				FBCB74171C92AE1300CF017B /* GAI.h */,
				FBCB74181C92AE1300CF017B /* GAIDictionaryBuilder.h */,
				FBCB74191C92AE1300CF017B /* GAIEcommerceFields.h */,
				FBCB741A1C92AE1300CF017B /* GAIEcommerceProduct.h */,
				FBCB741B1C92AE1300CF017B /* GAIEcommerceProductAction.h */,
				FBCB741C1C92AE1300CF017B /* GAIEcommercePromotion.h */,
				FBCB741D1C92AE1300CF017B /* GAIFields.h */,
				FBCB741E1C92AE1300CF017B /* GAILogger.h */,
				FBCB741F1C92AE1300CF017B /* GAITrackedViewController.h */,
				FBCB74201C92AE1300CF017B /* GAITracker.h */,
				FBCB74211C92AE1300CF017B /* libGoogleAnalyticsServices.a */,
			);
			path = GoogleAnalytics;
			sourceTree = "<group>";
		};
		FBCB74221C92AE1300CF017B /* QRCodeReaderViewController */ = {
			isa = PBXGroup;
			children = (
				FBCB74231C92AE1300CF017B /* QRCameraSwitchButton.h */,
				FBCB74241C92AE1300CF017B /* QRCameraSwitchButton.m */,
				FBCB74251C92AE1300CF017B /* QRCodeReader.h */,
				FBCB74261C92AE1300CF017B /* QRCodeReader.m */,
				FBCB74271C92AE1300CF017B /* QRCodeReaderDelegate.h */,
				FBCB74281C92AE1300CF017B /* QRCodeReaderView.h */,
				FBCB74291C92AE1300CF017B /* QRCodeReaderView.m */,
				FBCB742A1C92AE1300CF017B /* QRCodeReaderViewController.h */,
				FBCB742B1C92AE1300CF017B /* QRCodeReaderViewController.m */,
				FBCB742C1C92AE1300CF017B /* QRToggleTorchButton.h */,
				FBCB742D1C92AE1300CF017B /* QRToggleTorchButton.m */,
			);
			path = QRCodeReaderViewController;
			sourceTree = "<group>";
		};
		FBFB7AB61C61A7310088ED92 /* ForgotPasswordViewController */ = {
			isa = PBXGroup;
			children = (
				FBFB7AB71C61A73D0088ED92 /* ForgotPasswordViewController.h */,
				FBFB7AB81C61A73D0088ED92 /* ForgotPasswordViewController.m */,
			);
			path = ForgotPasswordViewController;
			sourceTree = "<group>";
		};
		FBFB7ABA1C61A9E70088ED92 /* Models */ = {
			isa = PBXGroup;
			children = (
				FBFB7ABB1C61A9F00088ED92 /* ObjectsPaginator.h */,
				FBFB7ABC1C61A9F00088ED92 /* ObjectsPaginator.m */,
				FBFB7ABD1C61A9F00088ED92 /* Storage.h */,
				FBFB7ABE1C61A9F00088ED92 /* Storage.m */,
				A55CDFD41C6261C800E9DB1A /* ModelItem.h */,
				A55CDFD51C6261C800E9DB1A /* ModelItem.m */,
			);
			path = Models;
			sourceTree = "<group>";
		};
/* End PBXGroup section */

/* Begin PBXNativeTarget section */
		FB4422101C51CD1C0083B341 /* QuickBlox */ = {
			isa = PBXNativeTarget;
			buildConfigurationList = FB44222B1C51CD1C0083B341 /* Build configuration list for PBXNativeTarget "QuickBlox" */;
			buildPhases = (
				F14B672A11A650DED560CB6C /* Check Pods Manifest.lock */,
				FB44220D1C51CD1C0083B341 /* Sources */,
				FB44220E1C51CD1C0083B341 /* Frameworks */,
				FB44220F1C51CD1C0083B341 /* Resources */,
				6E058069AB7EB6F182DC3F45 /* Embed Pods Frameworks */,
				A2B43E1F5CA07C1596640019 /* Copy Pods Resources */,
			);
			buildRules = (
			);
			dependencies = (
			);
			name = QuickBlox;
			productName = QuickBlox;
			productReference = FB4422111C51CD1C0083B341 /* QuickBlox.app */;
			productType = "com.apple.product-type.application";
		};
/* End PBXNativeTarget section */

/* Begin PBXProject section */
		FB4422091C51CD1C0083B341 /* Project object */ = {
			isa = PBXProject;
			attributes = {
				LastUpgradeCheck = 0720;
				ORGANIZATIONNAME = Tamqn;
				TargetAttributes = {
					FB4422101C51CD1C0083B341 = {
						CreatedOnToolsVersion = 7.2;
					};
				};
			};
			buildConfigurationList = FB44220C1C51CD1C0083B341 /* Build configuration list for PBXProject "QuickBlox" */;
			compatibilityVersion = "Xcode 3.2";
			developmentRegion = English;
			hasScannedForEncodings = 0;
			knownRegions = (
				en,
				Base,
			);
			mainGroup = FB4422081C51CD1C0083B341;
			productRefGroup = FB4422121C51CD1C0083B341 /* Products */;
			projectDirPath = "";
			projectRoot = "";
			targets = (
				FB4422101C51CD1C0083B341 /* QuickBlox */,
			);
		};
/* End PBXProject section */

/* Begin PBXResourcesBuildPhase section */
		FB44220F1C51CD1C0083B341 /* Resources */ = {
			isa = PBXResourcesBuildPhase;
			buildActionMask = 2147483647;
			files = (
				FBCB74361C92D0DE00CF017B /* settingIcon@3x.png in Resources */,
				A5E26C1B1C95816F00CD1B5B /* CustomViewProfile.xib in Resources */,
				A52010F71C95C49200943E53 /* profileIcon@3x.png in Resources */,
				FBCB743F1C92D25400CF017B /* logoutIcon@2x.png in Resources */,
				FB117DC51C5F483F00F8E222 /* reveal-icon@3x.png in Resources */,
				FB05A98E1C52176500F4DC97 /* shopping@2x.png in Resources */,
				FB05A98B1C52176500F4DC97 /* qrCode@3x.png in Resources */,
				FB4422271C51CD1C0083B341 /* LaunchScreen.storyboard in Resources */,
				FB05A9881C52176500F4DC97 /* home@2x.png in Resources */,
				FB117DDD1C5F783B00F8E222 /* backButton@2x.png in Resources */,
				FB117DCA1C5F48B200F8E222 /* button_plus@2x.png in Resources */,
				FB4422241C51CD1C0083B341 /* Assets.xcassets in Resources */,
				FBCB743A1C92D1CE00CF017B /* analyticsIcon@2x.png in Resources */,
				FB05A9891C52176500F4DC97 /* home@3x.png in Resources */,
				FB117DC91C5F48B200F8E222 /* button_plus@3x.png in Resources */,
				FB05A9921C52176500F4DC97 /* UITableExpand.png in Resources */,
				FB117DD91C5F77EC00F8E222 /* doneButton@2x.png in Resources */,
				FBCB74371C92D0DE00CF017B /* settingIcon@2x.png in Resources */,
				FB05A9931C52176500F4DC97 /* UITableExpand@2x.png in Resources */,
				FBCB743E1C92D25400CF017B /* logoutIcon@3x.png in Resources */,
				FBCB743B1C92D1CE00CF017B /* analyticsIcon@3x.png in Resources */,
				FB117DDC1C5F783B00F8E222 /* backButton@3x.png in Resources */,
				FB05A9911C52176500F4DC97 /* UITableContract@2x.png in Resources */,
				FB05A98F1C52176500F4DC97 /* shopping@3x.png in Resources */,
				A52010F81C95C49200943E53 /* profileIcon@2x.png in Resources */,
				A52010F31C95C0A100943E53 /* profileDefault@3x.png in Resources */,
				FB117DC61C5F483F00F8E222 /* reveal-icon@2x.png in Resources */,
				FB05A98A1C52176500F4DC97 /* qrCode@2x.png in Resources */,
				FB44221F1C51CD1C0083B341 /* Main.storyboard in Resources */,
				A52010F41C95C0A100943E53 /* profileDefault@2x.png in Resources */,
				FB117DD81C5F77EC00F8E222 /* doneButton@3x.png in Resources */,
				FB05A9901C52176500F4DC97 /* UITableContract.png in Resources */,
			);
			runOnlyForDeploymentPostprocessing = 0;
		};
/* End PBXResourcesBuildPhase section */

/* Begin PBXShellScriptBuildPhase section */
		6E058069AB7EB6F182DC3F45 /* Embed Pods Frameworks */ = {
			isa = PBXShellScriptBuildPhase;
			buildActionMask = 2147483647;
			files = (
			);
			inputPaths = (
			);
			name = "Embed Pods Frameworks";
			outputPaths = (
			);
			runOnlyForDeploymentPostprocessing = 0;
			shellPath = /bin/sh;
			shellScript = "\"${SRCROOT}/Pods/Target Support Files/Pods-QuickBlox/Pods-QuickBlox-frameworks.sh\"\n";
			showEnvVarsInLog = 0;
		};
		A2B43E1F5CA07C1596640019 /* Copy Pods Resources */ = {
			isa = PBXShellScriptBuildPhase;
			buildActionMask = 2147483647;
			files = (
			);
			inputPaths = (
			);
			name = "Copy Pods Resources";
			outputPaths = (
			);
			runOnlyForDeploymentPostprocessing = 0;
			shellPath = /bin/sh;
			shellScript = "\"${SRCROOT}/Pods/Target Support Files/Pods-QuickBlox/Pods-QuickBlox-resources.sh\"\n";
			showEnvVarsInLog = 0;
		};
		F14B672A11A650DED560CB6C /* Check Pods Manifest.lock */ = {
			isa = PBXShellScriptBuildPhase;
			buildActionMask = 2147483647;
			files = (
			);
			inputPaths = (
			);
			name = "Check Pods Manifest.lock";
			outputPaths = (
			);
			runOnlyForDeploymentPostprocessing = 0;
			shellPath = /bin/sh;
			shellScript = "diff \"${PODS_ROOT}/../Podfile.lock\" \"${PODS_ROOT}/Manifest.lock\" > /dev/null\nif [[ $? != 0 ]] ; then\n    cat << EOM\nerror: The sandbox is not in sync with the Podfile.lock. Run 'pod install' or update your CocoaPods installation.\nEOM\n    exit 1\nfi\n";
			showEnvVarsInLog = 0;
		};
/* End PBXShellScriptBuildPhase section */

/* Begin PBXSourcesBuildPhase section */
		FB44220D1C51CD1C0083B341 /* Sources */ = {
			isa = PBXSourcesBuildPhase;
			buildActionMask = 2147483647;
			files = (
				FB05A9A01C521D9A00F4DC97 /* LoginViewController.m in Sources */,
				FBCB74331C92AE1300CF017B /* QRToggleTorchButton.m in Sources */,
				A5E26C2E1C959D2000CD1B5B /* CustomCellEditProfile.m in Sources */,
				FB4422221C51CD1C0083B341 /* QuickBlox.xcdatamodeld in Sources */,
				FBCB74311C92AE1300CF017B /* QRCodeReaderView.m in Sources */,
				A5E26C281C959A3600CD1B5B /* ProfileEditViewController.m in Sources */,
				A5E26C251C959A0100CD1B5B /* ProfileViewController.m in Sources */,
				FB44223F1C51D4530083B341 /* CustomAnimationController.m in Sources */,
				FB1AA96E1C6052990095D816 /* CommonFeature.m in Sources */,
				FBCB74141C92A0C800CF017B /* RWLabel.m in Sources */,
				FB1AA96A1C6052030095D816 /* DatePickerViewController.m in Sources */,
				FBCB74321C92AE1300CF017B /* QRCodeReaderViewController.m in Sources */,
				FB6F7E861C587DB5002F63F3 /* CartViewController.m in Sources */,
				FB8DFD6D1C916CF0004C344A /* AdmodManager.m in Sources */,
				A52288EB1C874EE80032DD5C /* CustomCellStatisticsDetail.m in Sources */,
				FB05A9AB1C5225E100F4DC97 /* LeftCustomCell.m in Sources */,
				FB4422401C51D4530083B341 /* SWRevealViewController.m in Sources */,
				FBCB742F1C92AE1300CF017B /* QRCameraSwitchButton.m in Sources */,
				A55CDFD61C6261C800E9DB1A /* ModelItem.m in Sources */,
				FBFB7AB91C61A73D0088ED92 /* ForgotPasswordViewController.m in Sources */,
				FB7D2FD31C5F0E6600EEF1EC /* SetupViewContronller.m in Sources */,
				FB1AA9851C60D4460095D816 /* Keychain.m in Sources */,
				A52288E81C8746B60032DD5C /* SubStatisticsViewController.m in Sources */,
				A52010FE1C95D4E600943E53 /* UIActionSheet+Blocks.m in Sources */,
				FBFB7AC01C61A9F00088ED92 /* Storage.m in Sources */,
				A5E26C191C95816100CD1B5B /* CustomViewProfile.m in Sources */,
				FB117DD01C5F5B2C00F8E222 /* ItemsTableViewController.m in Sources */,
				A5E26C2B1C959AB900CD1B5B /* CustomCellProfile.m in Sources */,
				FB7D2FD71C5F0E9900EEF1EC /* StatisticsViewController.m in Sources */,
				FB6F7E821C5877E6002F63F3 /* SignUpViewController.m in Sources */,
				A52010FB1C95D40800943E53 /* CameraObject.m in Sources */,
				FB4422391C51D4240083B341 /* AppDelegate.m in Sources */,
				A52288E51C8742570032DD5C /* CustomCellOnlyText.m in Sources */,
				FBFB7ABF1C61A9F00088ED92 /* ObjectsPaginator.m in Sources */,
				FB05A99B1C521B3500F4DC97 /* LeftTableViewController.m in Sources */,
				FB117DE71C5F846600F8E222 /* AddItemTableViewCell.m in Sources */,
				FBCB74301C92AE1300CF017B /* QRCodeReader.m in Sources */,
				FB117DD41C5F5E3F00F8E222 /* ItemsTableViewCell.m in Sources */,
				FB117DE41C5F804A00F8E222 /* AddItemViewController.m in Sources */,
				FB4422161C51CD1C0083B341 /* main.m in Sources */,
			);
			runOnlyForDeploymentPostprocessing = 0;
		};
/* End PBXSourcesBuildPhase section */

/* Begin PBXVariantGroup section */
		FB44221D1C51CD1C0083B341 /* Main.storyboard */ = {
			isa = PBXVariantGroup;
			children = (
				FB44221E1C51CD1C0083B341 /* Base */,
			);
			name = Main.storyboard;
			sourceTree = "<group>";
		};
		FB4422251C51CD1C0083B341 /* LaunchScreen.storyboard */ = {
			isa = PBXVariantGroup;
			children = (
				FB4422261C51CD1C0083B341 /* Base */,
			);
			name = LaunchScreen.storyboard;
			sourceTree = "<group>";
		};
/* End PBXVariantGroup section */

/* Begin XCBuildConfiguration section */
		FB4422291C51CD1C0083B341 /* Debug */ = {
			isa = XCBuildConfiguration;
			buildSettings = {
				ALWAYS_SEARCH_USER_PATHS = NO;
				CLANG_CXX_LANGUAGE_STANDARD = "gnu++0x";
				CLANG_CXX_LIBRARY = "libc++";
				CLANG_ENABLE_MODULES = YES;
				CLANG_ENABLE_OBJC_ARC = YES;
				CLANG_WARN_BOOL_CONVERSION = YES;
				CLANG_WARN_CONSTANT_CONVERSION = YES;
				CLANG_WARN_DIRECT_OBJC_ISA_USAGE = YES_ERROR;
				CLANG_WARN_EMPTY_BODY = YES;
				CLANG_WARN_ENUM_CONVERSION = YES;
				CLANG_WARN_INT_CONVERSION = YES;
				CLANG_WARN_OBJC_ROOT_CLASS = YES_ERROR;
				CLANG_WARN_UNREACHABLE_CODE = YES;
				CLANG_WARN__DUPLICATE_METHOD_MATCH = YES;
				CODE_SIGN_IDENTITY = "";
				"CODE_SIGN_IDENTITY[sdk=iphoneos*]" = "iPhone Developer";
				COPY_PHASE_STRIP = NO;
				DEBUG_INFORMATION_FORMAT = dwarf;
				ENABLE_STRICT_OBJC_MSGSEND = YES;
				ENABLE_TESTABILITY = YES;
				GCC_C_LANGUAGE_STANDARD = gnu99;
				GCC_DYNAMIC_NO_PIC = NO;
				GCC_NO_COMMON_BLOCKS = YES;
				GCC_OPTIMIZATION_LEVEL = 0;
				GCC_PREPROCESSOR_DEFINITIONS = (
					"DEBUG=1",
					"$(inherited)",
				);
				GCC_WARN_64_TO_32_BIT_CONVERSION = YES;
				GCC_WARN_ABOUT_RETURN_TYPE = YES_ERROR;
				GCC_WARN_UNDECLARED_SELECTOR = YES;
				GCC_WARN_UNINITIALIZED_AUTOS = YES_AGGRESSIVE;
				GCC_WARN_UNUSED_FUNCTION = YES;
				GCC_WARN_UNUSED_VARIABLE = YES;
				IPHONEOS_DEPLOYMENT_TARGET = 9.2;
				MTL_ENABLE_DEBUG_INFO = YES;
				ONLY_ACTIVE_ARCH = YES;
				PROVISIONING_PROFILE = "de1c9c9d-0e2d-4782-b7cc-d807c8dbd209";
				SDKROOT = iphoneos;
				TARGETED_DEVICE_FAMILY = "1,2";
			};
			name = Debug;
		};
		FB44222A1C51CD1C0083B341 /* Release */ = {
			isa = XCBuildConfiguration;
			buildSettings = {
				ALWAYS_SEARCH_USER_PATHS = NO;
				CLANG_CXX_LANGUAGE_STANDARD = "gnu++0x";
				CLANG_CXX_LIBRARY = "libc++";
				CLANG_ENABLE_MODULES = YES;
				CLANG_ENABLE_OBJC_ARC = YES;
				CLANG_WARN_BOOL_CONVERSION = YES;
				CLANG_WARN_CONSTANT_CONVERSION = YES;
				CLANG_WARN_DIRECT_OBJC_ISA_USAGE = YES_ERROR;
				CLANG_WARN_EMPTY_BODY = YES;
				CLANG_WARN_ENUM_CONVERSION = YES;
				CLANG_WARN_INT_CONVERSION = YES;
				CLANG_WARN_OBJC_ROOT_CLASS = YES_ERROR;
				CLANG_WARN_UNREACHABLE_CODE = YES;
				CLANG_WARN__DUPLICATE_METHOD_MATCH = YES;
				CODE_SIGN_IDENTITY = "";
				"CODE_SIGN_IDENTITY[sdk=iphoneos*]" = "iPhone Developer";
				COPY_PHASE_STRIP = NO;
				DEBUG_INFORMATION_FORMAT = "dwarf-with-dsym";
				ENABLE_NS_ASSERTIONS = NO;
				ENABLE_STRICT_OBJC_MSGSEND = YES;
				GCC_C_LANGUAGE_STANDARD = gnu99;
				GCC_NO_COMMON_BLOCKS = YES;
				GCC_WARN_64_TO_32_BIT_CONVERSION = YES;
				GCC_WARN_ABOUT_RETURN_TYPE = YES_ERROR;
				GCC_WARN_UNDECLARED_SELECTOR = YES;
				GCC_WARN_UNINITIALIZED_AUTOS = YES_AGGRESSIVE;
				GCC_WARN_UNUSED_FUNCTION = YES;
				GCC_WARN_UNUSED_VARIABLE = YES;
				IPHONEOS_DEPLOYMENT_TARGET = 9.2;
				MTL_ENABLE_DEBUG_INFO = NO;
				PROVISIONING_PROFILE = "de1c9c9d-0e2d-4782-b7cc-d807c8dbd209";
				SDKROOT = iphoneos;
				TARGETED_DEVICE_FAMILY = "1,2";
				VALIDATE_PRODUCT = YES;
			};
			name = Release;
		};
		FB44222C1C51CD1C0083B341 /* Debug */ = {
			isa = XCBuildConfiguration;
			baseConfigurationReference = 1E1AE0F2D676F4E814334650 /* Pods-QuickBlox.debug.xcconfig */;
			buildSettings = {
				ALWAYS_SEARCH_USER_PATHS = NO;
				ASSETCATALOG_COMPILER_APPICON_NAME = AppIcon;
				CODE_SIGN_IDENTITY = "";
				GCC_PRECOMPILE_PREFIX_HEADER = YES;
				GCC_PREFIX_HEADER = "$(SRCROOT)/QuickBlox/Resource/QuickBlox-PrefixHeader.pch";
				HEADER_SEARCH_PATHS = (
					/usr/include/libxml2,
					"$(inherited)",
					"\"${PODS_ROOT}/Headers/Public\"",
					"\"${PODS_ROOT}/Headers/Public/AFNetworking\"",
					"\"${PODS_ROOT}/Headers/Public/FDKeychain\"",
					"\"${PODS_ROOT}/Headers/Public/Google-Mobile-Ads-SDK\"",
					"\"${PODS_ROOT}/Headers/Public/GoogleMaps\"",
					"\"${PODS_ROOT}/Headers/Public/JSONModel\"",
					"\"${PODS_ROOT}/Headers/Public/MBCalendarKit\"",
					"\"${PODS_ROOT}/Headers/Public/MBLocationManager\"",
					"\"${PODS_ROOT}/Headers/Public/MBProgressHUD\"",
					"\"${PODS_ROOT}/Headers/Public/MZAppearance\"",
					"\"${PODS_ROOT}/Headers/Public/MZFormSheetController\"",
					"\"${PODS_ROOT}/Headers/Public/MagicalRecord\"",
					"\"${PODS_ROOT}/Headers/Public/NMPaginator\"",
					"\"${PODS_ROOT}/Headers/Public/PureLayout\"",
					"\"${PODS_ROOT}/Headers/Public/QuickBlox\"",
					"\"${PODS_ROOT}/Headers/Public/SwipeBack\"",
					"\"${PODS_ROOT}/Headers/Public/WYPopoverController\"",
					"\"${PODS_ROOT}/QuickBlox/ThirdParty/GoogleAnalytics\"",
				);
				INFOPLIST_FILE = QuickBlox/Info.plist;
				IPHONEOS_DEPLOYMENT_TARGET = 8.0;
				LD_RUNPATH_SEARCH_PATHS = "$(inherited) @executable_path/Frameworks";
				LIBRARY_SEARCH_PATHS = (
					"$(inherited)",
					"$(PROJECT_DIR)/QuickBlox/Third",
					Party/Google,
					Analytics,
					"$(PROJECT_DIR)/QuickBlox/Third",
					Party/Google,
					Analytics,
					"$(PROJECT_DIR)/QuickBlox/ThirdParty/GoogleAnalytics",
				);
				PRODUCT_BUNDLE_IDENTIFIER = com.tamqn.QuickBlox;
				PRODUCT_NAME = "$(TARGET_NAME)";
				PROVISIONING_PROFILE = "de1c9c9d-0e2d-4782-b7cc-d807c8dbd209";
			};
			name = Debug;
		};
		FB44222D1C51CD1C0083B341 /* Release */ = {
			isa = XCBuildConfiguration;
			baseConfigurationReference = F25E304E13CF1AEC9B86541E /* Pods-QuickBlox.release.xcconfig */;
			buildSettings = {
				ALWAYS_SEARCH_USER_PATHS = NO;
				ASSETCATALOG_COMPILER_APPICON_NAME = AppIcon;
				CODE_SIGN_IDENTITY = "";
				GCC_PRECOMPILE_PREFIX_HEADER = YES;
				GCC_PREFIX_HEADER = "$(SRCROOT)/QuickBlox/Resource/QuickBlox-PrefixHeader.pch";
				HEADER_SEARCH_PATHS = (
					/usr/include/libxml2,
					"$(inherited)",
					"\"${PODS_ROOT}/Headers/Public\"",
					"\"${PODS_ROOT}/Headers/Public/AFNetworking\"",
					"\"${PODS_ROOT}/Headers/Public/FDKeychain\"",
					"\"${PODS_ROOT}/Headers/Public/Google-Mobile-Ads-SDK\"",
					"\"${PODS_ROOT}/Headers/Public/GoogleMaps\"",
					"\"${PODS_ROOT}/Headers/Public/JSONModel\"",
					"\"${PODS_ROOT}/Headers/Public/MBCalendarKit\"",
					"\"${PODS_ROOT}/Headers/Public/MBLocationManager\"",
					"\"${PODS_ROOT}/Headers/Public/MBProgressHUD\"",
					"\"${PODS_ROOT}/Headers/Public/MZAppearance\"",
					"\"${PODS_ROOT}/Headers/Public/MZFormSheetController\"",
					"\"${PODS_ROOT}/Headers/Public/MagicalRecord\"",
					"\"${PODS_ROOT}/Headers/Public/NMPaginator\"",
					"\"${PODS_ROOT}/Headers/Public/PureLayout\"",
					"\"${PODS_ROOT}/Headers/Public/QuickBlox\"",
					"\"${PODS_ROOT}/Headers/Public/SwipeBack\"",
					"\"${PODS_ROOT}/Headers/Public/WYPopoverController\"",
					"\"${PODS_ROOT}/QuickBlox/ThirdParty/GoogleAnalytics\"",
				);
				INFOPLIST_FILE = QuickBlox/Info.plist;
				IPHONEOS_DEPLOYMENT_TARGET = 8.0;
				LD_RUNPATH_SEARCH_PATHS = "$(inherited) @executable_path/Frameworks";
				LIBRARY_SEARCH_PATHS = (
					"$(inherited)",
					"$(PROJECT_DIR)/QuickBlox/Third",
					Party/Google,
					Analytics,
					"$(PROJECT_DIR)/QuickBlox/Third",
					Party/Google,
					Analytics,
					"$(PROJECT_DIR)/QuickBlox/ThirdParty/GoogleAnalytics",
				);
				PRODUCT_BUNDLE_IDENTIFIER = com.tamqn.QuickBlox;
				PRODUCT_NAME = "$(TARGET_NAME)";
				PROVISIONING_PROFILE = "de1c9c9d-0e2d-4782-b7cc-d807c8dbd209";
			};
			name = Release;
		};
/* End XCBuildConfiguration section */

/* Begin XCConfigurationList section */
		FB44220C1C51CD1C0083B341 /* Build configuration list for PBXProject "QuickBlox" */ = {
			isa = XCConfigurationList;
			buildConfigurations = (
				FB4422291C51CD1C0083B341 /* Debug */,
				FB44222A1C51CD1C0083B341 /* Release */,
			);
			defaultConfigurationIsVisible = 0;
			defaultConfigurationName = Release;
		};
		FB44222B1C51CD1C0083B341 /* Build configuration list for PBXNativeTarget "QuickBlox" */ = {
			isa = XCConfigurationList;
			buildConfigurations = (
				FB44222C1C51CD1C0083B341 /* Debug */,
				FB44222D1C51CD1C0083B341 /* Release */,
			);
			defaultConfigurationIsVisible = 0;
			defaultConfigurationName = Release;
		};
/* End XCConfigurationList section */

/* Begin XCVersionGroup section */
		FB4422201C51CD1C0083B341 /* QuickBlox.xcdatamodeld */ = {
			isa = XCVersionGroup;
			children = (
				FB4422211C51CD1C0083B341 /* QuickBlox.xcdatamodel */,
			);
			currentVersion = FB4422211C51CD1C0083B341 /* QuickBlox.xcdatamodel */;
			path = QuickBlox.xcdatamodeld;
			sourceTree = "<group>";
			versionGroupType = wrapper.xcdatamodel;
		};
/* End XCVersionGroup section */
	};
	rootObject = FB4422091C51CD1C0083B341 /* Project object */;
}
